{
  "name": "portfolio",
  "version": "0.1.0",
  "lockfileVersion": 1,
  "requires": true,
  "dependencies": {
    "@rails/actioncable": {
      "version": "6.0.3",
      "resolved": "https://registry.npmjs.org/@rails/actioncable/-/actioncable-6.0.3.tgz",
      "integrity": "sha512-I01hgqxxnOgOtJTGlq0ZsGJYiTEEiSGVEGQn3vimZSqEP1HqzyFNbzGTq14Xdyeow2yGJjygjoFF1pmtE+SQaw=="
    },
    "@rails/activestorage": {
      "version": "6.0.3",
      "resolved": "https://registry.npmjs.org/@rails/activestorage/-/activestorage-6.0.3.tgz",
      "integrity": "sha512-YdNwyfryHlcKj7Ruix89wZ2aiN3KTYULdW1Y/hNlHJlrY2/PXjT2YBTzZiVd+dcjrwHBsXV2rExdy+Z/lsrlEg==",
      "requires": {
        "spark-md5": "^3.0.0"
      }
    },
    "@rails/ujs": {
      "version": "6.0.3",
      "resolved": "https://registry.npmjs.org/@rails/ujs/-/ujs-6.0.3.tgz",
      "integrity": "sha512-CM9OEvoN9eXkaX7PXEnbsQLULJ97b9rVmwliZbz/iBOERLJ68Rk3ClJe+fQEMKU4CBZfky2lIRnfslOdUs9SLQ=="
    },
    "animejs": {
      "version": "3.2.0",
      "resolved": "https://registry.npmjs.org/animejs/-/animejs-3.2.0.tgz",
      "integrity": "sha512-zhtGl5cS0G2f5DfciMO8uwWpnx06nfFnHlXYYXHBazHep1Lyd6kEtBQP+9hpYKE0dBZjIigHp9VpMO95ZfXQJQ=="
    },
    "gsap": {
      "version": "3.3.0",
      "resolved": "https://registry.npmjs.org/gsap/-/gsap-3.3.0.tgz",
      "integrity": "sha512-MIcLOH8HCGvjyuLpzNBMKK+GdoL9wmJU+8nwauSZkqTyDlI1ugD0Sbhu7HO3805u7NqSv811murbu6eipVhJqw=="
    },
    "hover-effect": {
      "version": "1.1.0",
      "resolved": "https://registry.npmjs.org/hover-effect/-/hover-effect-1.1.0.tgz",
      "integrity": "sha512-172ezjW88PYOHEerHzQWmkMXaAx4hOerE+BQ3iAN+n3Xza+TczuJKgkYlCaHhcGFUdG7is/1UcepCJECNeFscg==",
      "requires": {
        "gsap": "^2.0.2",
        "three": "^0.99.0"
      },
      "dependencies": {
        "gsap": {
          "version": "2.1.3",
          "resolved": "https://registry.npmjs.org/gsap/-/gsap-2.1.3.tgz",
          "integrity": "sha512-8RFASCqi2FOCBuv7X4o7M6bLdy+1hbR0azg+MG7zz+EVsI+OmJblYsTk0GEepQd2Jg/ItMPiVTibF7r3EVxjZQ=="
        },
        "three": {
          "version": "0.99.0",
          "resolved": "https://registry.npmjs.org/three/-/three-0.99.0.tgz",
          "integrity": "sha512-DmNNq6H6nRGaqxScJ8x7v5VjdtDZR72oTVwDdKbB2BYNFxCkAoo9vdFAznEsMu9YzTV2yFvbVs7qHRzvJZzTIg=="
        }
      }
    },
    "spark-md5": {
      "version": "3.0.1",
      "resolved": "https://registry.npmjs.org/spark-md5/-/spark-md5-3.0.1.tgz",
      "integrity": "sha512-0tF3AGSD1ppQeuffsLDIOWlKUd3lS92tFxcsrh5Pe3ZphhnoK+oXIBTzOAThZCiuINZLvpiLH/1VS1/ANEJVig=="
    },
    "three": {
      "version": "0.117.1",
      "resolved": "https://registry.npmjs.org/three/-/three-0.117.1.tgz",
      "integrity": "sha512-t4zeJhlNzUIj9+ub0l6nICVimSuRTZJOqvk3Rmlu+YGdTOJ49Wna8p7aumpkXJakJfITiybfpYE1XN1o1Z34UQ=="
    },
    "turbolinks": {
      "version": "5.2.0",
      "resolved": "https://registry.npmjs.org/turbolinks/-/turbolinks-5.2.0.tgz",
      "integrity": "sha512-pMiez3tyBo6uRHFNNZoYMmrES/IaGgMhQQM+VFF36keryjb5ms0XkVpmKHkfW/4Vy96qiGW3K9bz0tF5sK9bBw=="
    }
  }
}
